
Microsoft Visual Studio Solution File, Format Version 12.00
# Visual Studio Version 17
VisualStudioVersion = 17.8.34525.116
MinimumVisualStudioVersion = 10.0.40219.1
Project("{FAE04EC0-301F-11D3-BF4B-00C04F79EFBC}") = "WebApi", "WebApi.csproj", "{6102E86B-7E0D-46C3-98E0-FF63AC8CB3D3}"
EndProject
Project("{FAE04EC0-301F-11D3-BF4B-00C04F79EFBC}") = "Business", "..\Business\Business.csproj", "{3ABFFCC6-9BE6-459C-9622-0A7EAE3B6C97}"
EndProject
Project("{FAE04EC0-301F-11D3-BF4B-00C04F79EFBC}") = "DataAccess", "..\DataAccess\DataAccess.csproj", "{BDD1FB8E-E507-4B50-90CB-FA33A4B5D865}"
EndProject
Project("{FAE04EC0-301F-11D3-BF4B-00C04F79EFBC}") = "Entities", "..\Entities\Entities.csproj", "{618B9B4E-EB33-4BB6-8FC5-B0E32F877A08}"
EndProject
Project("{FAE04EC0-301F-11D3-BF4B-00C04F79EFBC}") = "Core", "..\Core\Core.csproj", "{A2E7E3AA-4610-4FFF-9B99-037189C38EF7}"
EndProject
Global
	GlobalSection(SolutionConfigurationPlatforms) = preSolution
		Debug|Any CPU = Debug|Any CPU
		Release|Any CPU = Release|Any CPU
	EndGlobalSection
	GlobalSection(ProjectConfigurationPlatforms) = postSolution
		{6102E86B-7E0D-46C3-98E0-FF63AC8CB3D3}.Debug|Any CPU.ActiveCfg = Debug|Any CPU
		{6102E86B-7E0D-46C3-98E0-FF63AC8CB3D3}.Debug|Any CPU.Build.0 = Debug|Any CPU
		{6102E86B-7E0D-46C3-98E0-FF63AC8CB3D3}.Release|Any CPU.ActiveCfg = Release|Any CPU
		{6102E86B-7E0D-46C3-98E0-FF63AC8CB3D3}.Release|Any CPU.Build.0 = Release|Any CPU
		{3ABFFCC6-9BE6-459C-9622-0A7EAE3B6C97}.Debug|Any CPU.ActiveCfg = Debug|Any CPU
		{3ABFFCC6-9BE6-459C-9622-0A7EAE3B6C97}.Debug|Any CPU.Build.0 = Debug|Any CPU
		{3ABFFCC6-9BE6-459C-9622-0A7EAE3B6C97}.Release|Any CPU.ActiveCfg = Release|Any CPU
		{3ABFFCC6-9BE6-459C-9622-0A7EAE3B6C97}.Release|Any CPU.Build.0 = Release|Any CPU
		{BDD1FB8E-E507-4B50-90CB-FA33A4B5D865}.Debug|Any CPU.ActiveCfg = Debug|Any CPU
		{BDD1FB8E-E507-4B50-90CB-FA33A4B5D865}.Debug|Any CPU.Build.0 = Debug|Any CPU
		{BDD1FB8E-E507-4B50-90CB-FA33A4B5D865}.Release|Any CPU.ActiveCfg = Release|Any CPU
		{BDD1FB8E-E507-4B50-90CB-FA33A4B5D865}.Release|Any CPU.Build.0 = Release|Any CPU
		{618B9B4E-EB33-4BB6-8FC5-B0E32F877A08}.Debug|Any CPU.ActiveCfg = Debug|Any CPU
		{618B9B4E-EB33-4BB6-8FC5-B0E32F877A08}.Debug|Any CPU.Build.0 = Debug|Any CPU
		{618B9B4E-EB33-4BB6-8FC5-B0E32F877A08}.Release|Any CPU.ActiveCfg = Release|Any CPU
		{618B9B4E-EB33-4BB6-8FC5-B0E32F877A08}.Release|Any CPU.Build.0 = Release|Any CPU
		{A2E7E3AA-4610-4FFF-9B99-037189C38EF7}.Debug|Any CPU.ActiveCfg = Debug|Any CPU
		{A2E7E3AA-4610-4FFF-9B99-037189C38EF7}.Debug|Any CPU.Build.0 = Debug|Any CPU
		{A2E7E3AA-4610-4FFF-9B99-037189C38EF7}.Release|Any CPU.ActiveCfg = Release|Any CPU
		{A2E7E3AA-4610-4FFF-9B99-037189C38EF7}.Release|Any CPU.Build.0 = Release|Any CPU
	EndGlobalSection
	GlobalSection(SolutionProperties) = preSolution
		HideSolutionNode = FALSE
	EndGlobalSection
	GlobalSection(ExtensibilityGlobals) = postSolution
		SolutionGuid = {F4D27EBD-9FB1-44B6-B1DF-1251BDBE8D84}
	EndGlobalSection
EndGlobal
